{
  "name": "workspace",
  "lockfileVersion": 3,
  "requires": true,
  "packages": {
    "": {
      "dependencies": {
        "libphonenumber-js": "^1.12.41"
      }
    },
    "node_modules/libphonenumber-js": {
      "version": "1.12.41",
      "resolved": "https://registry.npmjs.org/libphonenumber-js/-/libphonenumber-js-1.12.41.tgz",
      "integrity": "sha512-lsmMmGXBxXIK/VMLEj0kL6MtUs1kBGj1nTCzi6zgQoG1DEwqwt2DQyHxcLykceIxAnfE3hya7NuIh6PpC6S3fA==",
      "license": "MIT"
    }
  }
}
